
Microsoft Visual Studio Solution File, Format Version 12.00
# Visual Studio Version 17
VisualStudioVersion = 17.14.36511.14
MinimumVisualStudioVersion = 10.0.40219.1
Project("{FAE04EC0-301F-11D3-BF4B-00C04F79EFBC}") = "MilleniumTask", "MilleniumTask\MilleniumTask.csproj", "{AAD13D14-0FB4-4EA6-AE00-ECBB803C78ED}"
EndProject
Project("{FAE04EC0-301F-11D3-BF4B-00C04F79EFBC}") = "MilleniumTask.Tests", "MilleniumTask.Tests\MilleniumTask.Tests.csproj", "{059EAF4C-AB86-42AA-BDBB-AE95781F6E9F}"
EndProject
Global
	GlobalSection(SolutionConfigurationPlatforms) = preSolution
		Debug|Any CPU = Debug|Any CPU
		Release|Any CPU = Release|Any CPU
	EndGlobalSection
	GlobalSection(ProjectConfigurationPlatforms) = postSolution
		{AAD13D14-0FB4-4EA6-AE00-ECBB803C78ED}.Debug|Any CPU.ActiveCfg = Debug|Any CPU
		{AAD13D14-0FB4-4EA6-AE00-ECBB803C78ED}.Debug|Any CPU.Build.0 = Debug|Any CPU
		{AAD13D14-0FB4-4EA6-AE00-ECBB803C78ED}.Release|Any CPU.ActiveCfg = Release|Any CPU
		{AAD13D14-0FB4-4EA6-AE00-ECBB803C78ED}.Release|Any CPU.Build.0 = Release|Any CPU
		{059EAF4C-AB86-42AA-BDBB-AE95781F6E9F}.Debug|Any CPU.ActiveCfg = Debug|Any CPU
		{059EAF4C-AB86-42AA-BDBB-AE95781F6E9F}.Debug|Any CPU.Build.0 = Debug|Any CPU
		{059EAF4C-AB86-42AA-BDBB-AE95781F6E9F}.Release|Any CPU.ActiveCfg = Release|Any CPU
		{059EAF4C-AB86-42AA-BDBB-AE95781F6E9F}.Release|Any CPU.Build.0 = Release|Any CPU
	EndGlobalSection
	GlobalSection(SolutionProperties) = preSolution
		HideSolutionNode = FALSE
	EndGlobalSection
	GlobalSection(ExtensibilityGlobals) = postSolution
		SolutionGuid = {9BFD1482-54A1-4E2F-8FD0-1DCEDB12CCA1}
	EndGlobalSection
EndGlobal
